PODS:
  - Alamofire (4.5.0)
  - DeviceKit (1.2.3)
  - IQKeyboardManagerSwift (4.0.10)
  - KeychainAccess (3.0.2)
  - Kingfisher (3.10.2)
  - KissXML (5.2.0)
  - MJRefresh (3.1.12)
  - Moya (8.0.5):
    - Moya/Core (= 8.0.5)
  - Moya-ObjectMapper/Core (2.3.2):
    - Moya (~> 8.0)
    - ObjectMapper (~> 2.2)
  - Moya-ObjectMapper/RxSwift (2.3.2):
    - Moya-ObjectMapper/Core
    - Moya/RxSwift
    - RxSwift (~> 3.1)
  - Moya/Core (8.0.5):
    - Alamofire (~> 4.1)
    - Result (~> 3.0)
  - Moya/RxSwift (8.0.5):
    - Moya/Core
    - RxSwift (~> 3.0)
  - NVActivityIndicatorView (3.6.1)
  - ObjectMapper (2.2.7)
  - ObjectMapper+Realm (0.3):
    - ObjectMapper
    - RealmSwift
  - Realm (2.8.3):
    - Realm/Headers (= 2.8.3)
  - Realm/Headers (2.8.3)
  - RealmSwift (2.8.3):
    - Realm (= 2.8.3)
  - Result (3.2.3)
  - RSKGrowingTextView (2.0.0):
    - RSKPlaceholderTextView (= 2.0.0)
  - RSKPlaceholderTextView (2.0.0)
  - RxCocoa (3.5.0):
    - RxSwift (~> 3.4)
  - RxRealm (0.6.0):
    - RealmSwift (~> 2.5)
    - RxSwift (~> 3.2)
  - RxSwift (3.5.0)
  - SnapKit (3.2.0)
  - Toaster (2.0.4)
  - TZImagePickerController (1.8.1)
  - UIColor_Hex_Swift (3.0.2)

DEPENDENCIES:
  - DeviceKit
  - IQKeyboardManagerSwift
  - KeychainAccess
  - Kingfisher
  - KissXML
  - MJRefresh
  - Moya-ObjectMapper/RxSwift
  - NVActivityIndicatorView
  - ObjectMapper+Realm
  - RealmSwift
  - RSKGrowingTextView
  - RxCocoa
  - RxRealm
  - RxSwift
  - SnapKit
  - Toaster
  - TZImagePickerController
  - UIColor_Hex_Swift

SPEC CHECKSUMS:
  Alamofire: f28cdffd29de33a7bfa022cbd63ae95a27fae140
  DeviceKit: f33cbc6e67d9bb416e42dedc647557c7c2f6d3d7
  IQKeyboardManagerSwift: 75ba21a23794a1e6b6fe6d9a267ea17f80e06771
  KeychainAccess: a986406022dfc7c634c691ad3bec670cc6a32002
  Kingfisher: 7297492bf8cec9b2e2dee3519f2219948580d98e
  KissXML: 1c1eeeb6b94e4522cd2f2373e5d0d03c9227738f
  MJRefresh: b96cdb21c4aa75a7b07654311ab2f315c497e806
  Moya: c37eec09a098ba9991b5a963b291fc5704bdb9ef
  Moya-ObjectMapper: 1b05f10bb69fb6c8750d497d2974c1c63c08c3a9
  NVActivityIndicatorView: 9f52a7f84bf5c6a798722c450fe3c198e01c56ed
  ObjectMapper: 65abcfd9a61cf7396cbd14a4fb22fddfcc46577e
  ObjectMapper+Realm: 98992926f775a4fdf1c025541b97c78119f15b8a
  Realm: 3601ef091c8c499a31101d8563b991e75546cdce
  RealmSwift: 8183818515471b01a99abdd2970f8e4fd52b6f4a
  Result: 128640a6347e8d2ae48b142556739a2d13f90ce6
  RSKGrowingTextView: 1d9c64f1e9f8ed9b47d883548a3fd76dfdfe1353
  RSKPlaceholderTextView: 301f0f30e70e7c42fe4e941e3a08365ab0d890d5
  RxCocoa: a0a09f45d0e5b48ecb6a4a7b4b4c89c88d3f633f
  RxRealm: 323de579b50b5e0f4a3e087d5925021f976ffaf1
  RxSwift: 18ee9d78b45edb3b0b7e79916b47a116e6dbc842
  SnapKit: 1ca44df72cfa543218d177cb8aab029d10d86ea7
  Toaster: f13031c636ef065281bc11857be9a16c7659e04f
  TZImagePickerController: '086034156913375cb19c8e4103562f15322c3b36'
  UIColor_Hex_Swift: 95f718452092a3efc8a827dffd2c04d3237be02d

PODFILE CHECKSUM: 493197319f68536c0486d473ad4a05b83c05be5e

COCOAPODS: 1.2.1
