// !$*UTF8*$!
{
	archiveVersion = 1;
	classes = {
	};
	objectVersion = 46;
	objects = {

/* Begin PBXBuildFile section */
		26573A761EA74C7000BB56D2 /* AppDelegate.swift in Sources */ = {isa = PBXBuildFile; fileRef = 26573A751EA74C7000BB56D2 /* AppDelegate.swift */; };
		26573A781EA74C7000BB56D2 /* LoginViewController.swift in Sources */ = {isa = PBXBuildFile; fileRef = 26573A771EA74C7000BB56D2 /* LoginViewController.swift */; };
		26573A7B1EA74C7000BB56D2 /* Main.storyboard in Resources */ = {isa = PBXBuildFile; fileRef = 26573A791EA74C7000BB56D2 /* Main.storyboard */; };
		26573A7D1EA74C7000BB56D2 /* Assets.xcassets in Resources */ = {isa = PBXBuildFile; fileRef = 26573A7C1EA74C7000BB56D2 /* Assets.xcassets */; };
		26573A801EA74C7000BB56D2 /* LaunchScreen.storyboard in Resources */ = {isa = PBXBuildFile; fileRef = 26573A7E1EA74C7000BB56D2 /* LaunchScreen.storyboard */; };
		26573A8B1EA74C7000BB56D2 /* DemoTests.swift in Sources */ = {isa = PBXBuildFile; fileRef = 26573A8A1EA74C7000BB56D2 /* DemoTests.swift */; };
		26573A961EA74C7000BB56D2 /* DemoUITests.swift in Sources */ = {isa = PBXBuildFile; fileRef = 26573A951EA74C7000BB56D2 /* DemoUITests.swift */; };
		26877C061EB86D8500041460 /* PCCWFoundationSwift.framework in Frameworks */ = {isa = PBXBuildFile; fileRef = 26877C051EB86D8500041460 /* PCCWFoundationSwift.framework */; };
		26877C071EB86D8500041460 /* PCCWFoundationSwift.framework in Embed Frameworks */ = {isa = PBXBuildFile; fileRef = 26877C051EB86D8500041460 /* PCCWFoundationSwift.framework */; settings = {ATTRIBUTES = (CodeSignOnCopy, RemoveHeadersOnCopy, ); }; };
		26F949B11EDEC9A200E81192 /* SecondViewController.swift in Sources */ = {isa = PBXBuildFile; fileRef = 26F949B01EDEC9A200E81192 /* SecondViewController.swift */; };
		EB4B923C081FF214D8649B8B /* Pods_PCCWFoundationSwift_Demo.framework in Frameworks */ = {isa = PBXBuildFile; fileRef = ECF0BC64E389AE551A04572C /* Pods_PCCWFoundationSwift_Demo.framework */; };
/* End PBXBuildFile section */

/* Begin PBXContainerItemProxy section */
		26573A871EA74C7000BB56D2 /* PBXContainerItemProxy */ = {
			isa = PBXContainerItemProxy;
			containerPortal = 26573A6A1EA74C7000BB56D2 /* Project object */;
			proxyType = 1;
			remoteGlobalIDString = 26573A711EA74C7000BB56D2;
			remoteInfo = Demo;
		};
		26573A921EA74C7000BB56D2 /* PBXContainerItemProxy */ = {
			isa = PBXContainerItemProxy;
			containerPortal = 26573A6A1EA74C7000BB56D2 /* Project object */;
			proxyType = 1;
			remoteGlobalIDString = 26573A711EA74C7000BB56D2;
			remoteInfo = Demo;
		};
/* End PBXContainerItemProxy section */

/* Begin PBXCopyFilesBuildPhase section */
		269DFFD61EA7594E0006BAE2 /* Embed Frameworks */ = {
			isa = PBXCopyFilesBuildPhase;
			buildActionMask = 2147483647;
			dstPath = "";
			dstSubfolderSpec = 10;
			files = (
				26877C071EB86D8500041460 /* PCCWFoundationSwift.framework in Embed Frameworks */,
			);
			name = "Embed Frameworks";
			runOnlyForDeploymentPostprocessing = 0;
		};
/* End PBXCopyFilesBuildPhase section */

/* Begin PBXFileReference section */
		26573A721EA74C7000BB56D2 /* Demo.app */ = {isa = PBXFileReference; explicitFileType = wrapper.application; includeInIndex = 0; path = Demo.app; sourceTree = BUILT_PRODUCTS_DIR; };
		26573A751EA74C7000BB56D2 /* AppDelegate.swift */ = {isa = PBXFileReference; lastKnownFileType = sourcecode.swift; path = AppDelegate.swift; sourceTree = "<group>"; };
		26573A771EA74C7000BB56D2 /* LoginViewController.swift */ = {isa = PBXFileReference; lastKnownFileType = sourcecode.swift; path = LoginViewController.swift; sourceTree = "<group>"; };
		26573A7A1EA74C7000BB56D2 /* Base */ = {isa = PBXFileReference; lastKnownFileType = file.storyboard; name = Base; path = Base.lproj/Main.storyboard; sourceTree = "<group>"; };
		26573A7C1EA74C7000BB56D2 /* Assets.xcassets */ = {isa = PBXFileReference; lastKnownFileType = folder.assetcatalog; path = Assets.xcassets; sourceTree = "<group>"; };
		26573A7F1EA74C7000BB56D2 /* Base */ = {isa = PBXFileReference; lastKnownFileType = file.storyboard; name = Base; path = Base.lproj/LaunchScreen.storyboard; sourceTree = "<group>"; };
		26573A811EA74C7000BB56D2 /* Info.plist */ = {isa = PBXFileReference; lastKnownFileType = text.plist.xml; path = Info.plist; sourceTree = "<group>"; };
		26573A861EA74C7000BB56D2 /* DemoTests.xctest */ = {isa = PBXFileReference; explicitFileType = wrapper.cfbundle; includeInIndex = 0; path = DemoTests.xctest; sourceTree = BUILT_PRODUCTS_DIR; };
		26573A8A1EA74C7000BB56D2 /* DemoTests.swift */ = {isa = PBXFileReference; lastKnownFileType = sourcecode.swift; path = DemoTests.swift; sourceTree = "<group>"; };
		26573A8C1EA74C7000BB56D2 /* Info.plist */ = {isa = PBXFileReference; lastKnownFileType = text.plist.xml; path = Info.plist; sourceTree = "<group>"; };
		26573A911EA74C7000BB56D2 /* DemoUITests.xctest */ = {isa = PBXFileReference; explicitFileType = wrapper.cfbundle; includeInIndex = 0; path = DemoUITests.xctest; sourceTree = BUILT_PRODUCTS_DIR; };
		26573A951EA74C7000BB56D2 /* DemoUITests.swift */ = {isa = PBXFileReference; lastKnownFileType = sourcecode.swift; path = DemoUITests.swift; sourceTree = "<group>"; };
		26573A971EA74C7000BB56D2 /* Info.plist */ = {isa = PBXFileReference; lastKnownFileType = text.plist.xml; path = Info.plist; sourceTree = "<group>"; };
		26877C051EB86D8500041460 /* PCCWFoundationSwift.framework */ = {isa = PBXFileReference; explicitFileType = wrapper.framework; path = PCCWFoundationSwift.framework; sourceTree = BUILT_PRODUCTS_DIR; };
		26F949B01EDEC9A200E81192 /* SecondViewController.swift */ = {isa = PBXFileReference; fileEncoding = 4; lastKnownFileType = sourcecode.swift; path = SecondViewController.swift; sourceTree = "<group>"; };
		3BBA55CD9D15E3E92CF9A9FA /* Pods-PCCWFoundationSwift-Demo.release.xcconfig */ = {isa = PBXFileReference; includeInIndex = 1; lastKnownFileType = text.xcconfig; name = "Pods-PCCWFoundationSwift-Demo.release.xcconfig"; path = "../Pods/Target Support Files/Pods-PCCWFoundationSwift-Demo/Pods-PCCWFoundationSwift-Demo.release.xcconfig"; sourceTree = "<group>"; };
		68EC1D82DD78114CDDB675E5 /* Pods-PCCWFoundationSwift-Demo.debug.xcconfig */ = {isa = PBXFileReference; includeInIndex = 1; lastKnownFileType = text.xcconfig; name = "Pods-PCCWFoundationSwift-Demo.debug.xcconfig"; path = "../Pods/Target Support Files/Pods-PCCWFoundationSwift-Demo/Pods-PCCWFoundationSwift-Demo.debug.xcconfig"; sourceTree = "<group>"; };
		ECF0BC64E389AE551A04572C /* Pods_PCCWFoundationSwift_Demo.framework */ = {isa = PBXFileReference; explicitFileType = wrapper.framework; includeInIndex = 0; path = Pods_PCCWFoundationSwift_Demo.framework; sourceTree = BUILT_PRODUCTS_DIR; };
/* End PBXFileReference section */

/* Begin PBXFrameworksBuildPhase section */
		26573A6F1EA74C7000BB56D2 /* Frameworks */ = {
			isa = PBXFrameworksBuildPhase;
			buildActionMask = 2147483647;
			files = (
				26877C061EB86D8500041460 /* PCCWFoundationSwift.framework in Frameworks */,
				EB4B923C081FF214D8649B8B /* Pods_PCCWFoundationSwift_Demo.framework in Frameworks */,
			);
			runOnlyForDeploymentPostprocessing = 0;
		};
		26573A831EA74C7000BB56D2 /* Frameworks */ = {
			isa = PBXFrameworksBuildPhase;
			buildActionMask = 2147483647;
			files = (
			);
			runOnlyForDeploymentPostprocessing = 0;
		};
		26573A8E1EA74C7000BB56D2 /* Frameworks */ = {
			isa = PBXFrameworksBuildPhase;
			buildActionMask = 2147483647;
			files = (
			);
			runOnlyForDeploymentPostprocessing = 0;
		};
/* End PBXFrameworksBuildPhase section */

/* Begin PBXGroup section */
		22DF6E78B487CD6814E9D1B7 /* Frameworks */ = {
			isa = PBXGroup;
			children = (
				26877C051EB86D8500041460 /* PCCWFoundationSwift.framework */,
				ECF0BC64E389AE551A04572C /* Pods_PCCWFoundationSwift_Demo.framework */,
			);
			name = Frameworks;
			sourceTree = "<group>";
		};
		26573A691EA74C7000BB56D2 = {
			isa = PBXGroup;
			children = (
				26573A741EA74C7000BB56D2 /* Demo */,
				26573A891EA74C7000BB56D2 /* DemoTests */,
				26573A941EA74C7000BB56D2 /* DemoUITests */,
				26573A731EA74C7000BB56D2 /* Products */,
				71BD40A33FF229C651DA36E7 /* Pods */,
				22DF6E78B487CD6814E9D1B7 /* Frameworks */,
			);
			sourceTree = "<group>";
		};
		26573A731EA74C7000BB56D2 /* Products */ = {
			isa = PBXGroup;
			children = (
				26573A721EA74C7000BB56D2 /* Demo.app */,
				26573A861EA74C7000BB56D2 /* DemoTests.xctest */,
				26573A911EA74C7000BB56D2 /* DemoUITests.xctest */,
			);
			name = Products;
			sourceTree = "<group>";
		};
		26573A741EA74C7000BB56D2 /* Demo */ = {
			isa = PBXGroup;
			children = (
				26573A751EA74C7000BB56D2 /* AppDelegate.swift */,
				26573A771EA74C7000BB56D2 /* LoginViewController.swift */,
				26F949B01EDEC9A200E81192 /* SecondViewController.swift */,
				26573A791EA74C7000BB56D2 /* Main.storyboard */,
				26573A7C1EA74C7000BB56D2 /* Assets.xcassets */,
				26573A7E1EA74C7000BB56D2 /* LaunchScreen.storyboard */,
				26573A811EA74C7000BB56D2 /* Info.plist */,
			);
			path = Demo;
			sourceTree = "<group>";
		};
		26573A891EA74C7000BB56D2 /* DemoTests */ = {
			isa = PBXGroup;
			children = (
				26573A8A1EA74C7000BB56D2 /* DemoTests.swift */,
				26573A8C1EA74C7000BB56D2 /* Info.plist */,
			);
			path = DemoTests;
			sourceTree = "<group>";
		};
		26573A941EA74C7000BB56D2 /* DemoUITests */ = {
			isa = PBXGroup;
			children = (
				26573A951EA74C7000BB56D2 /* DemoUITests.swift */,
				26573A971EA74C7000BB56D2 /* Info.plist */,
			);
			path = DemoUITests;
			sourceTree = "<group>";
		};
		71BD40A33FF229C651DA36E7 /* Pods */ = {
			isa = PBXGroup;
			children = (
				68EC1D82DD78114CDDB675E5 /* Pods-PCCWFoundationSwift-Demo.debug.xcconfig */,
				3BBA55CD9D15E3E92CF9A9FA /* Pods-PCCWFoundationSwift-Demo.release.xcconfig */,
			);
			name = Pods;
			sourceTree = "<group>";
		};
/* End PBXGroup section */

/* Begin PBXNativeTarget section */
		26573A711EA74C7000BB56D2 /* Demo */ = {
			isa = PBXNativeTarget;
			buildConfigurationList = 26573A9A1EA74C7000BB56D2 /* Build configuration list for PBXNativeTarget "Demo" */;
			buildPhases = (
				F4A94F30FF76B4C9887F12AC /* [CP] Check Pods Manifest.lock */,
				26573A6E1EA74C7000BB56D2 /* Sources */,
				26573A6F1EA74C7000BB56D2 /* Frameworks */,
				26573A701EA74C7000BB56D2 /* Resources */,
				269DFFD61EA7594E0006BAE2 /* Embed Frameworks */,
				873DBCA304AD610E35B958D8 /* [CP] Embed Pods Frameworks */,
			);
			buildRules = (
			);
			dependencies = (
			);
			name = Demo;
			productName = Demo;
			productReference = 26573A721EA74C7000BB56D2 /* Demo.app */;
			productType = "com.apple.product-type.application";
		};
		26573A851EA74C7000BB56D2 /* DemoTests */ = {
			isa = PBXNativeTarget;
			buildConfigurationList = 26573A9D1EA74C7000BB56D2 /* Build configuration list for PBXNativeTarget "DemoTests" */;
			buildPhases = (
				26573A821EA74C7000BB56D2 /* Sources */,
				26573A831EA74C7000BB56D2 /* Frameworks */,
				26573A841EA74C7000BB56D2 /* Resources */,
			);
			buildRules = (
			);
			dependencies = (
				26573A881EA74C7000BB56D2 /* PBXTargetDependency */,
			);
			name = DemoTests;
			productName = DemoTests;
			productReference = 26573A861EA74C7000BB56D2 /* DemoTests.xctest */;
			productType = "com.apple.product-type.bundle.unit-test";
		};
		26573A901EA74C7000BB56D2 /* DemoUITests */ = {
			isa = PBXNativeTarget;
			buildConfigurationList = 26573AA01EA74C7000BB56D2 /* Build configuration list for PBXNativeTarget "DemoUITests" */;
			buildPhases = (
				26573A8D1EA74C7000BB56D2 /* Sources */,
				26573A8E1EA74C7000BB56D2 /* Frameworks */,
				26573A8F1EA74C7000BB56D2 /* Resources */,
			);
			buildRules = (
			);
			dependencies = (
				26573A931EA74C7000BB56D2 /* PBXTargetDependency */,
			);
			name = DemoUITests;
			productName = DemoUITests;
			productReference = 26573A911EA74C7000BB56D2 /* DemoUITests.xctest */;
			productType = "com.apple.product-type.bundle.ui-testing";
		};
/* End PBXNativeTarget section */

/* Begin PBXProject section */
		26573A6A1EA74C7000BB56D2 /* Project object */ = {
			isa = PBXProject;
			attributes = {
				LastSwiftUpdateCheck = 0830;
				LastUpgradeCheck = 0900;
				ORGANIZATIONNAME = PCCW;
				TargetAttributes = {
					26573A711EA74C7000BB56D2 = {
						CreatedOnToolsVersion = 8.3.1;
						DevelopmentTeam = 5R5G2D4E69;
						LastSwiftMigration = 0900;
						ProvisioningStyle = Automatic;
					};
					26573A851EA74C7000BB56D2 = {
						CreatedOnToolsVersion = 8.3.1;
						DevelopmentTeam = 5R5G2D4E69;
						LastSwiftMigration = 0900;
						ProvisioningStyle = Automatic;
						TestTargetID = 26573A711EA74C7000BB56D2;
					};
					26573A901EA74C7000BB56D2 = {
						CreatedOnToolsVersion = 8.3.1;
						DevelopmentTeam = 5R5G2D4E69;
						LastSwiftMigration = 0900;
						ProvisioningStyle = Automatic;
						TestTargetID = 26573A711EA74C7000BB56D2;
					};
				};
			};
			buildConfigurationList = 26573A6D1EA74C7000BB56D2 /* Build configuration list for PBXProject "Demo" */;
			compatibilityVersion = "Xcode 3.2";
			developmentRegion = English;
			hasScannedForEncodings = 0;
			knownRegions = (
				en,
				Base,
			);
			mainGroup = 26573A691EA74C7000BB56D2;
			productRefGroup = 26573A731EA74C7000BB56D2 /* Products */;
			projectDirPath = "";
			projectRoot = "";
			targets = (
				26573A711EA74C7000BB56D2 /* Demo */,
				26573A851EA74C7000BB56D2 /* DemoTests */,
				26573A901EA74C7000BB56D2 /* DemoUITests */,
			);
		};
/* End PBXProject section */

/* Begin PBXResourcesBuildPhase section */
		26573A701EA74C7000BB56D2 /* Resources */ = {
			isa = PBXResourcesBuildPhase;
			buildActionMask = 2147483647;
			files = (
				26573A801EA74C7000BB56D2 /* LaunchScreen.storyboard in Resources */,
				26573A7D1EA74C7000BB56D2 /* Assets.xcassets in Resources */,
				26573A7B1EA74C7000BB56D2 /* Main.storyboard in Resources */,
			);
			runOnlyForDeploymentPostprocessing = 0;
		};
		26573A841EA74C7000BB56D2 /* Resources */ = {
			isa = PBXResourcesBuildPhase;
			buildActionMask = 2147483647;
			files = (
			);
			runOnlyForDeploymentPostprocessing = 0;
		};
		26573A8F1EA74C7000BB56D2 /* Resources */ = {
			isa = PBXResourcesBuildPhase;
			buildActionMask = 2147483647;
			files = (
			);
			runOnlyForDeploymentPostprocessing = 0;
		};
/* End PBXResourcesBuildPhase section */

/* Begin PBXShellScriptBuildPhase section */
		873DBCA304AD610E35B958D8 /* [CP] Embed Pods Frameworks */ = {
			isa = PBXShellScriptBuildPhase;
			buildActionMask = 2147483647;
			files = (
			);
			inputPaths = (
				"${SRCROOT}/../Pods/Target Support Files/Pods-PCCWFoundationSwift-Demo/Pods-PCCWFoundationSwift-Demo-frameworks.sh",
				"${BUILT_PRODUCTS_DIR}/Alamofire/Alamofire.framework",
				"${BUILT_PRODUCTS_DIR}/CryptoSwift/CryptoSwift.framework",
				"${BUILT_PRODUCTS_DIR}/DeviceKit/DeviceKit.framework",
				"${BUILT_PRODUCTS_DIR}/IQKeyboardManagerSwift/IQKeyboardManagerSwift.framework",
				"${BUILT_PRODUCTS_DIR}/KeychainAccess/KeychainAccess.framework",
				"${BUILT_PRODUCTS_DIR}/Kingfisher/Kingfisher.framework",
				"${BUILT_PRODUCTS_DIR}/KissXML/KissXML.framework",
				"${BUILT_PRODUCTS_DIR}/MJRefresh/MJRefresh.framework",
				"${BUILT_PRODUCTS_DIR}/Moya/Moya.framework",
				"${BUILT_PRODUCTS_DIR}/Moya-ObjectMapper/Moya_ObjectMapper.framework",
				"${BUILT_PRODUCTS_DIR}/NVActivityIndicatorView/NVActivityIndicatorView.framework",
				"${BUILT_PRODUCTS_DIR}/ObjectMapper/ObjectMapper.framework",
				"${BUILT_PRODUCTS_DIR}/ObjectMapper+Realm/ObjectMapper_Realm.framework",
				"${BUILT_PRODUCTS_DIR}/RSKGrowingTextView/RSKGrowingTextView.framework",
				"${BUILT_PRODUCTS_DIR}/RSKPlaceholderTextView/RSKPlaceholderTextView.framework",
				"${BUILT_PRODUCTS_DIR}/Realm/Realm.framework",
				"${BUILT_PRODUCTS_DIR}/RealmSwift/RealmSwift.framework",
				"${BUILT_PRODUCTS_DIR}/Result/Result.framework",
				"${BUILT_PRODUCTS_DIR}/RxCocoa/RxCocoa.framework",
				"${BUILT_PRODUCTS_DIR}/RxRealm/RxRealm.framework",
				"${BUILT_PRODUCTS_DIR}/RxSwift/RxSwift.framework",
				"${BUILT_PRODUCTS_DIR}/SnapKit/SnapKit.framework",
				"${BUILT_PRODUCTS_DIR}/TZImagePickerController/TZImagePickerController.framework",
				"${BUILT_PRODUCTS_DIR}/Toaster/Toaster.framework",
				"${BUILT_PRODUCTS_DIR}/UIColor_Hex_Swift/UIColor_Hex_Swift.framework",
				"${BUILT_PRODUCTS_DIR}/WebViewJavascriptBridge/WebViewJavascriptBridge.framework",
			);
			name = "[CP] Embed Pods Frameworks";
			outputPaths = (
				"${TARGET_BUILD_DIR}/${FRAMEWORKS_FOLDER_PATH}/Alamofire.framework",
				"${TARGET_BUILD_DIR}/${FRAMEWORKS_FOLDER_PATH}/CryptoSwift.framework",
				"${TARGET_BUILD_DIR}/${FRAMEWORKS_FOLDER_PATH}/DeviceKit.framework",
				"${TARGET_BUILD_DIR}/${FRAMEWORKS_FOLDER_PATH}/IQKeyboardManagerSwift.framework",
				"${TARGET_BUILD_DIR}/${FRAMEWORKS_FOLDER_PATH}/KeychainAccess.framework",
				"${TARGET_BUILD_DIR}/${FRAMEWORKS_FOLDER_PATH}/Kingfisher.framework",
				"${TARGET_BUILD_DIR}/${FRAMEWORKS_FOLDER_PATH}/KissXML.framework",
				"${TARGET_BUILD_DIR}/${FRAMEWORKS_FOLDER_PATH}/MJRefresh.framework",
				"${TARGET_BUILD_DIR}/${FRAMEWORKS_FOLDER_PATH}/Moya.framework",
				"${TARGET_BUILD_DIR}/${FRAMEWORKS_FOLDER_PATH}/Moya_ObjectMapper.framework",
				"${TARGET_BUILD_DIR}/${FRAMEWORKS_FOLDER_PATH}/NVActivityIndicatorView.framework",
				"${TARGET_BUILD_DIR}/${FRAMEWORKS_FOLDER_PATH}/ObjectMapper.framework",
				"${TARGET_BUILD_DIR}/${FRAMEWORKS_FOLDER_PATH}/ObjectMapper_Realm.framework",
				"${TARGET_BUILD_DIR}/${FRAMEWORKS_FOLDER_PATH}/RSKGrowingTextView.framework",
				"${TARGET_BUILD_DIR}/${FRAMEWORKS_FOLDER_PATH}/RSKPlaceholderTextView.framework",
				"${TARGET_BUILD_DIR}/${FRAMEWORKS_FOLDER_PATH}/Realm.framework",
				"${TARGET_BUILD_DIR}/${FRAMEWORKS_FOLDER_PATH}/RealmSwift.framework",
				"${TARGET_BUILD_DIR}/${FRAMEWORKS_FOLDER_PATH}/Result.framework",
				"${TARGET_BUILD_DIR}/${FRAMEWORKS_FOLDER_PATH}/RxCocoa.framework",
				"${TARGET_BUILD_DIR}/${FRAMEWORKS_FOLDER_PATH}/RxRealm.framework",
				"${TARGET_BUILD_DIR}/${FRAMEWORKS_FOLDER_PATH}/RxSwift.framework",
				"${TARGET_BUILD_DIR}/${FRAMEWORKS_FOLDER_PATH}/SnapKit.framework",
				"${TARGET_BUILD_DIR}/${FRAMEWORKS_FOLDER_PATH}/TZImagePickerController.framework",
				"${TARGET_BUILD_DIR}/${FRAMEWORKS_FOLDER_PATH}/Toaster.framework",
				"${TARGET_BUILD_DIR}/${FRAMEWORKS_FOLDER_PATH}/UIColor_Hex_Swift.framework",
				"${TARGET_BUILD_DIR}/${FRAMEWORKS_FOLDER_PATH}/WebViewJavascriptBridge.framework",
			);
			runOnlyForDeploymentPostprocessing = 0;
			shellPath = /bin/sh;
			shellScript = "\"${SRCROOT}/../Pods/Target Support Files/Pods-PCCWFoundationSwift-Demo/Pods-PCCWFoundationSwift-Demo-frameworks.sh\"\n";
			showEnvVarsInLog = 0;
		};
		F4A94F30FF76B4C9887F12AC /* [CP] Check Pods Manifest.lock */ = {
			isa = PBXShellScriptBuildPhase;
			buildActionMask = 2147483647;
			files = (
			);
			inputPaths = (
				"${PODS_PODFILE_DIR_PATH}/Podfile.lock",
				"${PODS_ROOT}/Manifest.lock",
			);
			name = "[CP] Check Pods Manifest.lock";
			outputPaths = (
				"$(DERIVED_FILE_DIR)/Pods-PCCWFoundationSwift-Demo-checkManifestLockResult.txt",
			);
			runOnlyForDeploymentPostprocessing = 0;
			shellPath = /bin/sh;
			shellScript = "diff \"${PODS_PODFILE_DIR_PATH}/Podfile.lock\" \"${PODS_ROOT}/Manifest.lock\" > /dev/null\nif [ $? != 0 ] ; then\n    # print error to STDERR\n    echo \"error: The sandbox is not in sync with the Podfile.lock. Run 'pod install' or update your CocoaPods installation.\" >&2\n    exit 1\nfi\n# This output is used by Xcode 'outputs' to avoid re-running this script phase.\necho \"SUCCESS\" > \"${SCRIPT_OUTPUT_FILE_0}\"\n";
			showEnvVarsInLog = 0;
		};
/* End PBXShellScriptBuildPhase section */

/* Begin PBXSourcesBuildPhase section */
		26573A6E1EA74C7000BB56D2 /* Sources */ = {
			isa = PBXSourcesBuildPhase;
			buildActionMask = 2147483647;
			files = (
				26F949B11EDEC9A200E81192 /* SecondViewController.swift in Sources */,
				26573A781EA74C7000BB56D2 /* LoginViewController.swift in Sources */,
				26573A761EA74C7000BB56D2 /* AppDelegate.swift in Sources */,
			);
			runOnlyForDeploymentPostprocessing = 0;
		};
		26573A821EA74C7000BB56D2 /* Sources */ = {
			isa = PBXSourcesBuildPhase;
			buildActionMask = 2147483647;
			files = (
				26573A8B1EA74C7000BB56D2 /* DemoTests.swift in Sources */,
			);
			runOnlyForDeploymentPostprocessing = 0;
		};
		26573A8D1EA74C7000BB56D2 /* Sources */ = {
			isa = PBXSourcesBuildPhase;
			buildActionMask = 2147483647;
			files = (
				26573A961EA74C7000BB56D2 /* DemoUITests.swift in Sources */,
			);
			runOnlyForDeploymentPostprocessing = 0;
		};
/* End PBXSourcesBuildPhase section */

/* Begin PBXTargetDependency section */
		26573A881EA74C7000BB56D2 /* PBXTargetDependency */ = {
			isa = PBXTargetDependency;
			target = 26573A711EA74C7000BB56D2 /* Demo */;
			targetProxy = 26573A871EA74C7000BB56D2 /* PBXContainerItemProxy */;
		};
		26573A931EA74C7000BB56D2 /* PBXTargetDependency */ = {
			isa = PBXTargetDependency;
			target = 26573A711EA74C7000BB56D2 /* Demo */;
			targetProxy = 26573A921EA74C7000BB56D2 /* PBXContainerItemProxy */;
		};
/* End PBXTargetDependency section */

/* Begin PBXVariantGroup section */
		26573A791EA74C7000BB56D2 /* Main.storyboard */ = {
			isa = PBXVariantGroup;
			children = (
				26573A7A1EA74C7000BB56D2 /* Base */,
			);
			name = Main.storyboard;
			sourceTree = "<group>";
		};
		26573A7E1EA74C7000BB56D2 /* LaunchScreen.storyboard */ = {
			isa = PBXVariantGroup;
			children = (
				26573A7F1EA74C7000BB56D2 /* Base */,
			);
			name = LaunchScreen.storyboard;
			sourceTree = "<group>";
		};
/* End PBXVariantGroup section */

/* Begin XCBuildConfiguration section */
		26573A981EA74C7000BB56D2 /* Debug */ = {
			isa = XCBuildConfiguration;
			buildSettings = {
				ALWAYS_SEARCH_USER_PATHS = NO;
				CLANG_ANALYZER_NONNULL = YES;
				CLANG_ANALYZER_NUMBER_OBJECT_CONVERSION = YES_AGGRESSIVE;
				CLANG_CXX_LANGUAGE_STANDARD = "gnu++0x";
				CLANG_CXX_LIBRARY = "libc++";
				CLANG_ENABLE_MODULES = YES;
				CLANG_ENABLE_OBJC_ARC = YES;
				CLANG_WARN_BLOCK_CAPTURE_AUTORELEASING = YES;
				CLANG_WARN_BOOL_CONVERSION = YES;
				CLANG_WARN_COMMA = YES;
				CLANG_WARN_CONSTANT_CONVERSION = YES;
				CLANG_WARN_DIRECT_OBJC_ISA_USAGE = YES_ERROR;
				CLANG_WARN_DOCUMENTATION_COMMENTS = YES;
				CLANG_WARN_EMPTY_BODY = YES;
				CLANG_WARN_ENUM_CONVERSION = YES;
				CLANG_WARN_INFINITE_RECURSION = YES;
				CLANG_WARN_INT_CONVERSION = YES;
				CLANG_WARN_NON_LITERAL_NULL_CONVERSION = YES;
				CLANG_WARN_OBJC_LITERAL_CONVERSION = YES;
				CLANG_WARN_OBJC_ROOT_CLASS = YES_ERROR;
				CLANG_WARN_RANGE_LOOP_ANALYSIS = YES;
				CLANG_WARN_STRICT_PROTOTYPES = YES;
				CLANG_WARN_SUSPICIOUS_MOVE = YES;
				CLANG_WARN_UNREACHABLE_CODE = YES;
				CLANG_WARN__DUPLICATE_METHOD_MATCH = YES;
				"CODE_SIGN_IDENTITY[sdk=iphoneos*]" = "iPhone Developer";
				COPY_PHASE_STRIP = NO;
				DEBUG_INFORMATION_FORMAT = dwarf;
				ENABLE_STRICT_OBJC_MSGSEND = YES;
				ENABLE_TESTABILITY = YES;
				GCC_C_LANGUAGE_STANDARD = gnu99;
				GCC_DYNAMIC_NO_PIC = NO;
				GCC_NO_COMMON_BLOCKS = YES;
				GCC_OPTIMIZATION_LEVEL = 0;
				GCC_PREPROCESSOR_DEFINITIONS = (
					"DEBUG=1",
					"$(inherited)",
				);
				GCC_WARN_64_TO_32_BIT_CONVERSION = YES;
				GCC_WARN_ABOUT_RETURN_TYPE = YES_ERROR;
				GCC_WARN_UNDECLARED_SELECTOR = YES;
				GCC_WARN_UNINITIALIZED_AUTOS = YES_AGGRESSIVE;
				GCC_WARN_UNUSED_FUNCTION = YES;
				GCC_WARN_UNUSED_VARIABLE = YES;
				IPHONEOS_DEPLOYMENT_TARGET = 10.3;
				MTL_ENABLE_DEBUG_INFO = YES;
				ONLY_ACTIVE_ARCH = YES;
				SDKROOT = iphoneos;
				SWIFT_ACTIVE_COMPILATION_CONDITIONS = DEBUG;
				SWIFT_OPTIMIZATION_LEVEL = "-Onone";
				TARGETED_DEVICE_FAMILY = "1,2";
			};
			name = Debug;
		};
		26573A991EA74C7000BB56D2 /* Release */ = {
			isa = XCBuildConfiguration;
			buildSettings = {
				ALWAYS_SEARCH_USER_PATHS = NO;
				CLANG_ANALYZER_NONNULL = YES;
				CLANG_ANALYZER_NUMBER_OBJECT_CONVERSION = YES_AGGRESSIVE;
				CLANG_CXX_LANGUAGE_STANDARD = "gnu++0x";
				CLANG_CXX_LIBRARY = "libc++";
				CLANG_ENABLE_MODULES = YES;
				CLANG_ENABLE_OBJC_ARC = YES;
				CLANG_WARN_BLOCK_CAPTURE_AUTORELEASING = YES;
				CLANG_WARN_BOOL_CONVERSION = YES;
				CLANG_WARN_COMMA = YES;
				CLANG_WARN_CONSTANT_CONVERSION = YES;
				CLANG_WARN_DIRECT_OBJC_ISA_USAGE = YES_ERROR;
				CLANG_WARN_DOCUMENTATION_COMMENTS = YES;
				CLANG_WARN_EMPTY_BODY = YES;
				CLANG_WARN_ENUM_CONVERSION = YES;
				CLANG_WARN_INFINITE_RECURSION = YES;
				CLANG_WARN_INT_CONVERSION = YES;
				CLANG_WARN_NON_LITERAL_NULL_CONVERSION = YES;
				CLANG_WARN_OBJC_LITERAL_CONVERSION = YES;
				CLANG_WARN_OBJC_ROOT_CLASS = YES_ERROR;
				CLANG_WARN_RANGE_LOOP_ANALYSIS = YES;
				CLANG_WARN_STRICT_PROTOTYPES = YES;
				CLANG_WARN_SUSPICIOUS_MOVE = YES;
				CLANG_WARN_UNREACHABLE_CODE = YES;
				CLANG_WARN__DUPLICATE_METHOD_MATCH = YES;
				"CODE_SIGN_IDENTITY[sdk=iphoneos*]" = "iPhone Developer";
				COPY_PHASE_STRIP = NO;
				DEBUG_INFORMATION_FORMAT = "dwarf-with-dsym";
				ENABLE_NS_ASSERTIONS = NO;
				ENABLE_STRICT_OBJC_MSGSEND = YES;
				GCC_C_LANGUAGE_STANDARD = gnu99;
				GCC_NO_COMMON_BLOCKS = YES;
				GCC_WARN_64_TO_32_BIT_CONVERSION = YES;
				GCC_WARN_ABOUT_RETURN_TYPE = YES_ERROR;
				GCC_WARN_UNDECLARED_SELECTOR = YES;
				GCC_WARN_UNINITIALIZED_AUTOS = YES_AGGRESSIVE;
				GCC_WARN_UNUSED_FUNCTION = YES;
				GCC_WARN_UNUSED_VARIABLE = YES;
				IPHONEOS_DEPLOYMENT_TARGET = 10.3;
				MTL_ENABLE_DEBUG_INFO = NO;
				SDKROOT = iphoneos;
				SWIFT_OPTIMIZATION_LEVEL = "-Owholemodule";
				TARGETED_DEVICE_FAMILY = "1,2";
				VALIDATE_PRODUCT = YES;
			};
			name = Release;
		};
		26573A9B1EA74C7000BB56D2 /* Debug */ = {
			isa = XCBuildConfiguration;
			baseConfigurationReference = 68EC1D82DD78114CDDB675E5 /* Pods-PCCWFoundationSwift-Demo.debug.xcconfig */;
			buildSettings = {
				ALWAYS_EMBED_SWIFT_STANDARD_LIBRARIES = YES;
				ASSETCATALOG_COMPILER_APPICON_NAME = AppIcon;
				DEVELOPMENT_TEAM = 5R5G2D4E69;
				INFOPLIST_FILE = Demo/Info.plist;
				LD_RUNPATH_SEARCH_PATHS = "$(inherited) @executable_path/Frameworks";
				PRODUCT_BUNDLE_IDENTIFIER = com.pccw.foundation.swift.Demo;
				PRODUCT_NAME = "$(TARGET_NAME)";
				SWIFT_SWIFT3_OBJC_INFERENCE = On;
				SWIFT_VERSION = 3.0;
			};
			name = Debug;
		};
		26573A9C1EA74C7000BB56D2 /* Release */ = {
			isa = XCBuildConfiguration;
			baseConfigurationReference = 3BBA55CD9D15E3E92CF9A9FA /* Pods-PCCWFoundationSwift-Demo.release.xcconfig */;
			buildSettings = {
				ALWAYS_EMBED_SWIFT_STANDARD_LIBRARIES = YES;
				ASSETCATALOG_COMPILER_APPICON_NAME = AppIcon;
				DEVELOPMENT_TEAM = 5R5G2D4E69;
				INFOPLIST_FILE = Demo/Info.plist;
				LD_RUNPATH_SEARCH_PATHS = "$(inherited) @executable_path/Frameworks";
				PRODUCT_BUNDLE_IDENTIFIER = com.pccw.foundation.swift.Demo;
				PRODUCT_NAME = "$(TARGET_NAME)";
				SWIFT_SWIFT3_OBJC_INFERENCE = On;
				SWIFT_VERSION = 3.0;
			};
			name = Release;
		};
		26573A9E1EA74C7000BB56D2 /* Debug */ = {
			isa = XCBuildConfiguration;
			buildSettings = {
				ALWAYS_EMBED_SWIFT_STANDARD_LIBRARIES = YES;
				BUNDLE_LOADER = "$(TEST_HOST)";
				DEVELOPMENT_TEAM = 5R5G2D4E69;
				INFOPLIST_FILE = DemoTests/Info.plist;
				LD_RUNPATH_SEARCH_PATHS = "$(inherited) @executable_path/Frameworks @loader_path/Frameworks";
				PRODUCT_BUNDLE_IDENTIFIER = com.pccw.foundation.swift.DemoTests;
				PRODUCT_NAME = "$(TARGET_NAME)";
				SWIFT_SWIFT3_OBJC_INFERENCE = On;
				SWIFT_VERSION = 3.0;
				TEST_HOST = "$(BUILT_PRODUCTS_DIR)/Demo.app/Demo";
			};
			name = Debug;
		};
		26573A9F1EA74C7000BB56D2 /* Release */ = {
			isa = XCBuildConfiguration;
			buildSettings = {
				ALWAYS_EMBED_SWIFT_STANDARD_LIBRARIES = YES;
				BUNDLE_LOADER = "$(TEST_HOST)";
				DEVELOPMENT_TEAM = 5R5G2D4E69;
				INFOPLIST_FILE = DemoTests/Info.plist;
				LD_RUNPATH_SEARCH_PATHS = "$(inherited) @executable_path/Frameworks @loader_path/Frameworks";
				PRODUCT_BUNDLE_IDENTIFIER = com.pccw.foundation.swift.DemoTests;
				PRODUCT_NAME = "$(TARGET_NAME)";
				SWIFT_SWIFT3_OBJC_INFERENCE = On;
				SWIFT_VERSION = 3.0;
				TEST_HOST = "$(BUILT_PRODUCTS_DIR)/Demo.app/Demo";
			};
			name = Release;
		};
		26573AA11EA74C7000BB56D2 /* Debug */ = {
			isa = XCBuildConfiguration;
			buildSettings = {
				ALWAYS_EMBED_SWIFT_STANDARD_LIBRARIES = YES;
				DEVELOPMENT_TEAM = 5R5G2D4E69;
				INFOPLIST_FILE = DemoUITests/Info.plist;
				LD_RUNPATH_SEARCH_PATHS = "$(inherited) @executable_path/Frameworks @loader_path/Frameworks";
				PRODUCT_BUNDLE_IDENTIFIER = com.pccw.foundation.swift.DemoUITests;
				PRODUCT_NAME = "$(TARGET_NAME)";
				SWIFT_SWIFT3_OBJC_INFERENCE = On;
				SWIFT_VERSION = 3.0;
				TEST_TARGET_NAME = Demo;
			};
			name = Debug;
		};
		26573AA21EA74C7000BB56D2 /* Release */ = {
			isa = XCBuildConfiguration;
			buildSettings = {
				ALWAYS_EMBED_SWIFT_STANDARD_LIBRARIES = YES;
				DEVELOPMENT_TEAM = 5R5G2D4E69;
				INFOPLIST_FILE = DemoUITests/Info.plist;
				LD_RUNPATH_SEARCH_PATHS = "$(inherited) @executable_path/Frameworks @loader_path/Frameworks";
				PRODUCT_BUNDLE_IDENTIFIER = com.pccw.foundation.swift.DemoUITests;
				PRODUCT_NAME = "$(TARGET_NAME)";
				SWIFT_SWIFT3_OBJC_INFERENCE = On;
				SWIFT_VERSION = 3.0;
				TEST_TARGET_NAME = Demo;
			};
			name = Release;
		};
/* End XCBuildConfiguration section */

/* Begin XCConfigurationList section */
		26573A6D1EA74C7000BB56D2 /* Build configuration list for PBXProject "Demo" */ = {
			isa = XCConfigurationList;
			buildConfigurations = (
				26573A981EA74C7000BB56D2 /* Debug */,
				26573A991EA74C7000BB56D2 /* Release */,
			);
			defaultConfigurationIsVisible = 0;
			defaultConfigurationName = Release;
		};
		26573A9A1EA74C7000BB56D2 /* Build configuration list for PBXNativeTarget "Demo" */ = {
			isa = XCConfigurationList;
			buildConfigurations = (
				26573A9B1EA74C7000BB56D2 /* Debug */,
				26573A9C1EA74C7000BB56D2 /* Release */,
			);
			defaultConfigurationIsVisible = 0;
			defaultConfigurationName = Release;
		};
		26573A9D1EA74C7000BB56D2 /* Build configuration list for PBXNativeTarget "DemoTests" */ = {
			isa = XCConfigurationList;
			buildConfigurations = (
				26573A9E1EA74C7000BB56D2 /* Debug */,
				26573A9F1EA74C7000BB56D2 /* Release */,
			);
			defaultConfigurationIsVisible = 0;
			defaultConfigurationName = Release;
		};
		26573AA01EA74C7000BB56D2 /* Build configuration list for PBXNativeTarget "DemoUITests" */ = {
			isa = XCConfigurationList;
			buildConfigurations = (
				26573AA11EA74C7000BB56D2 /* Debug */,
				26573AA21EA74C7000BB56D2 /* Release */,
			);
			defaultConfigurationIsVisible = 0;
			defaultConfigurationName = Release;
		};
/* End XCConfigurationList section */
	};
	rootObject = 26573A6A1EA74C7000BB56D2 /* Project object */;
}
